
Microsoft Visual Studio Solution File, Format Version 12.00
# Visual Studio Version 16
VisualStudioVersion = 16.0.30204.135
MinimumVisualStudioVersion = 10.0.40219.1
Project("{9A19103F-16F7-4668-BE54-9A1E7A4F7556}") = "PontoIdWeb", "PontoIdWeb.csproj", "{39949F2D-F96D-4D52-A2BC-A16A602DDFF6}"
EndProject
Global
	GlobalSection(SolutionConfigurationPlatforms) = preSolution
		Debug|Any CPU = Debug|Any CPU
		Release|Any CPU = Release|Any CPU
	EndGlobalSection
	GlobalSection(ProjectConfigurationPlatforms) = postSolution
		{39949F2D-F96D-4D52-A2BC-A16A602DDFF6}.Debug|Any CPU.ActiveCfg = Debug|Any CPU
		{39949F2D-F96D-4D52-A2BC-A16A602DDFF6}.Debug|Any CPU.Build.0 = Debug|Any CPU
		{39949F2D-F96D-4D52-A2BC-A16A602DDFF6}.Release|Any CPU.ActiveCfg = Release|Any CPU
		{39949F2D-F96D-4D52-A2BC-A16A602DDFF6}.Release|Any CPU.Build.0 = Release|Any CPU
	EndGlobalSection
	GlobalSection(SolutionProperties) = preSolution
		HideSolutionNode = FALSE
	EndGlobalSection
	GlobalSection(ExtensibilityGlobals) = postSolution
		SolutionGuid = {6109BA51-9C1C-41BF-A0A3-C43B53925A2F}
	EndGlobalSection
EndGlobal
