
Microsoft Visual Studio Solution File, Format Version 12.00
# Visual Studio 15
VisualStudioVersion = 15.0.28307.1062
MinimumVisualStudioVersion = 10.0.40219.1
Project("{FAE04EC0-301F-11D3-BF4B-00C04F79EFBC}") = "pontoid.myclinica", "pontoid.myclinica\pontoid.myclinica.csproj", "{FFC77DA8-0A04-4FF4-B435-E896DC8F984B}"
EndProject
Global
	GlobalSection(SolutionConfigurationPlatforms) = preSolution
		Debug|Any CPU = Debug|Any CPU
		Release|Any CPU = Release|Any CPU
	EndGlobalSection
	GlobalSection(ProjectConfigurationPlatforms) = postSolution
		{FFC77DA8-0A04-4FF4-B435-E896DC8F984B}.Debug|Any CPU.ActiveCfg = Debug|Any CPU
		{FFC77DA8-0A04-4FF4-B435-E896DC8F984B}.Debug|Any CPU.Build.0 = Debug|Any CPU
		{FFC77DA8-0A04-4FF4-B435-E896DC8F984B}.Release|Any CPU.ActiveCfg = Release|Any CPU
		{FFC77DA8-0A04-4FF4-B435-E896DC8F984B}.Release|Any CPU.Build.0 = Release|Any CPU
	EndGlobalSection
	GlobalSection(SolutionProperties) = preSolution
		HideSolutionNode = FALSE
	EndGlobalSection
	GlobalSection(ExtensibilityGlobals) = postSolution
		SolutionGuid = {C96E5A65-19E9-453E-A141-8617E07B43BD}
	EndGlobalSection
EndGlobal
