
Microsoft Visual Studio Solution File, Format Version 12.00
# Visual Studio Version 16
VisualStudioVersion = 16.0.30204.135
MinimumVisualStudioVersion = 10.0.40219.1
Project("{9A19103F-16F7-4668-BE54-9A1E7A4F7556}") = "IdentityServer4.AutoBem", "IdentityServer4.AutoBem.csproj", "{6167E9B9-15FF-42E8-A162-B1A0D2732455}"
EndProject
Global
	GlobalSection(SolutionConfigurationPlatforms) = preSolution
		Debug|Any CPU = Debug|Any CPU
		Release|Any CPU = Release|Any CPU
	EndGlobalSection
	GlobalSection(ProjectConfigurationPlatforms) = postSolution
		{6167E9B9-15FF-42E8-A162-B1A0D2732455}.Debug|Any CPU.ActiveCfg = Debug|Any CPU
		{6167E9B9-15FF-42E8-A162-B1A0D2732455}.Debug|Any CPU.Build.0 = Debug|Any CPU
		{6167E9B9-15FF-42E8-A162-B1A0D2732455}.Release|Any CPU.ActiveCfg = Release|Any CPU
		{6167E9B9-15FF-42E8-A162-B1A0D2732455}.Release|Any CPU.Build.0 = Release|Any CPU
	EndGlobalSection
	GlobalSection(SolutionProperties) = preSolution
		HideSolutionNode = FALSE
	EndGlobalSection
	GlobalSection(ExtensibilityGlobals) = postSolution
		SolutionGuid = {F729EDF3-6C72-426D-8CE3-42F9680BD0C9}
	EndGlobalSection
EndGlobal
