
Microsoft Visual Studio Solution File, Format Version 12.00
# Visual Studio Version 16
VisualStudioVersion = 16.0.30204.135
MinimumVisualStudioVersion = 10.0.40219.1
Project("{9A19103F-16F7-4668-BE54-9A1E7A4F7556}") = "VagaBackendTeste", "VagaBackendTeste.csproj", "{385CA217-7443-4642-A261-113A551B2C11}"
EndProject
Global
	GlobalSection(SolutionConfigurationPlatforms) = preSolution
		Debug|Any CPU = Debug|Any CPU
		Release|Any CPU = Release|Any CPU
	EndGlobalSection
	GlobalSection(ProjectConfigurationPlatforms) = postSolution
		{385CA217-7443-4642-A261-113A551B2C11}.Debug|Any CPU.ActiveCfg = Debug|Any CPU
		{385CA217-7443-4642-A261-113A551B2C11}.Debug|Any CPU.Build.0 = Debug|Any CPU
		{385CA217-7443-4642-A261-113A551B2C11}.Release|Any CPU.ActiveCfg = Release|Any CPU
		{385CA217-7443-4642-A261-113A551B2C11}.Release|Any CPU.Build.0 = Release|Any CPU
	EndGlobalSection
	GlobalSection(SolutionProperties) = preSolution
		HideSolutionNode = FALSE
	EndGlobalSection
	GlobalSection(ExtensibilityGlobals) = postSolution
		SolutionGuid = {14D9F0F3-2D0E-4B68-B15D-A9FDEB195DEA}
	EndGlobalSection
EndGlobal
