
Microsoft Visual Studio Solution File, Format Version 12.00
# Visual Studio Version 16
VisualStudioVersion = 16.0.30204.135
MinimumVisualStudioVersion = 10.0.40219.1
Project("{9A19103F-16F7-4668-BE54-9A1E7A4F7556}") = "PontoIdApi", "PontoIdApi.csproj", "{5A34375C-DAB1-483D-936D-CC3F423A43BA}"
EndProject
Global
	GlobalSection(SolutionConfigurationPlatforms) = preSolution
		Debug|Any CPU = Debug|Any CPU
		Release|Any CPU = Release|Any CPU
	EndGlobalSection
	GlobalSection(ProjectConfigurationPlatforms) = postSolution
		{5A34375C-DAB1-483D-936D-CC3F423A43BA}.Debug|Any CPU.ActiveCfg = Debug|Any CPU
		{5A34375C-DAB1-483D-936D-CC3F423A43BA}.Debug|Any CPU.Build.0 = Debug|Any CPU
		{5A34375C-DAB1-483D-936D-CC3F423A43BA}.Release|Any CPU.ActiveCfg = Release|Any CPU
		{5A34375C-DAB1-483D-936D-CC3F423A43BA}.Release|Any CPU.Build.0 = Release|Any CPU
	EndGlobalSection
	GlobalSection(SolutionProperties) = preSolution
		HideSolutionNode = FALSE
	EndGlobalSection
	GlobalSection(ExtensibilityGlobals) = postSolution
		SolutionGuid = {73267F36-3F14-4FE3-ABEE-7C9D48153CF4}
	EndGlobalSection
EndGlobal
